
Microsoft Visual Studio Solution File, Format Version 12.00
# Visual Studio Version 17
VisualStudioVersion = 17.12.35527.113 d17.12
MinimumVisualStudioVersion = 10.0.40219.1
Project("{FAE04EC0-301F-11D3-BF4B-00C04F79EFBC}") = "AtividadeIMC", "AtividadeIMC\AtividadeIMC.csproj", "{5EE740F4-A53A-4A68-8690-4E029B09821E}"
EndProject
Global
	GlobalSection(SolutionConfigurationPlatforms) = preSolution
		Debug|Any CPU = Debug|Any CPU
		Release|Any CPU = Release|Any CPU
	EndGlobalSection
	GlobalSection(ProjectConfigurationPlatforms) = postSolution
		{5EE740F4-A53A-4A68-8690-4E029B09821E}.Debug|Any CPU.ActiveCfg = Debug|Any CPU
		{5EE740F4-A53A-4A68-8690-4E029B09821E}.Debug|Any CPU.Build.0 = Debug|Any CPU
		{5EE740F4-A53A-4A68-8690-4E029B09821E}.Release|Any CPU.ActiveCfg = Release|Any CPU
		{5EE740F4-A53A-4A68-8690-4E029B09821E}.Release|Any CPU.Build.0 = Release|Any CPU
	EndGlobalSection
	GlobalSection(SolutionProperties) = preSolution
		HideSolutionNode = FALSE
	EndGlobalSection
EndGlobal
